
Microsoft Visual Studio Solution File, Format Version 12.00
# Visual Studio Version 16
VisualStudioVersion = 16.0.29709.97
MinimumVisualStudioVersion = 10.0.40219.1
Project("{FAE04EC0-301F-11D3-BF4B-00C04F79EFBC}") = "CokeVendingMachine", "CokeVendingMachine\CokeVendingMachine.csproj", "{A099B588-12B0-4F6A-BB0D-0362B2C39EBA}"
EndProject
Project("{FAE04EC0-301F-11D3-BF4B-00C04F79EFBC}") = "VendingMachine", "VendingMachine\VendingMachine.csproj", "{26EFCEED-23A9-4CD0-88D2-3C1C4FB92FD2}"
EndProject
Global
	GlobalSection(SolutionConfigurationPlatforms) = preSolution
		Debug|Any CPU = Debug|Any CPU
		Release|Any CPU = Release|Any CPU
	EndGlobalSection
	GlobalSection(ProjectConfigurationPlatforms) = postSolution
		{A099B588-12B0-4F6A-BB0D-0362B2C39EBA}.Debug|Any CPU.ActiveCfg = Debug|Any CPU
		{A099B588-12B0-4F6A-BB0D-0362B2C39EBA}.Debug|Any CPU.Build.0 = Debug|Any CPU
		{A099B588-12B0-4F6A-BB0D-0362B2C39EBA}.Release|Any CPU.ActiveCfg = Release|Any CPU
		{A099B588-12B0-4F6A-BB0D-0362B2C39EBA}.Release|Any CPU.Build.0 = Release|Any CPU
		{26EFCEED-23A9-4CD0-88D2-3C1C4FB92FD2}.Debug|Any CPU.ActiveCfg = Debug|Any CPU
		{26EFCEED-23A9-4CD0-88D2-3C1C4FB92FD2}.Debug|Any CPU.Build.0 = Debug|Any CPU
		{26EFCEED-23A9-4CD0-88D2-3C1C4FB92FD2}.Release|Any CPU.ActiveCfg = Release|Any CPU
		{26EFCEED-23A9-4CD0-88D2-3C1C4FB92FD2}.Release|Any CPU.Build.0 = Release|Any CPU
	EndGlobalSection
	GlobalSection(SolutionProperties) = preSolution
		HideSolutionNode = FALSE
	EndGlobalSection
	GlobalSection(ExtensibilityGlobals) = postSolution
		SolutionGuid = {6088C0DD-CB06-44B5-8E8E-373BBC3D924D}
	EndGlobalSection
EndGlobal
